{
  "version": 4,
  "terraform_version": "1.4.2",
  "serial": 6,
  "lineage": "6e0e7ecf-59fb-a972-977b-f787d70d1a76",
  "outputs": {
    "hello_world": {
      "value": "Hello, World!",
      "type": "string"
    }
  },
  "resources": [
    {
      "mode": "managed",
      "type": "local_file",
      "name": "example",
      "provider": "provider[\"registry.terraform.io/hashicorp/local\"]",
      "instances": [
        {
          "schema_version": 0,
          "attributes": {
            "content": "Hello, world!",
            "content_base64": null,
            "content_base64sha256": "MV9b23bQeMQ7isAGTkoBZGErH853yGk0W/yUx1iU7dM=",
            "content_base64sha512": "wVJ82JPBJHc9gRkRlwyP5uhX1t9dySJr2KFgYUwM2WOk3eorlLt9NgIe+dhl1c6ilKgt1JoLsmn1H256V/eUIQ==",
            "content_md5": "6cd3556deb0da54bca060b4c39479839",
            "content_sha1": "943a702d06f34599aee1f8da8ef9f7296031d699",
            "content_sha256": "315f5bdb76d078c43b8ac0064e4a0164612b1fce77c869345bfc94c75894edd3",
            "content_sha512": "c1527cd893c124773d811911970c8fe6e857d6df5dc9226bd8a160614c0cd963a4ddea2b94bb7d36021ef9d865d5cea294a82dd49a0bb269f51f6e7a57f79421",
            "directory_permission": "0777",
            "file_permission": "0777",
            "filename": "./example.txt",
            "id": "943a702d06f34599aee1f8da8ef9f7296031d699",
            "sensitive_content": null,
            "source": null
          },
          "sensitive_attributes": []
        }
      ]
    },
    {
      "mode": "managed",
      "type": "local_file",
      "name": "example2",
      "provider": "provider[\"registry.terraform.io/hashicorp/local\"]",
      "instances": [
        {
          "schema_version": 0,
          "attributes": {
            "content": "I am applied!",
            "content_base64": null,
            "content_base64sha256": "4WcVQSuvfavY8PssZKiBYJLc73HHAiPebp5lLrHZQMI=",
            "content_base64sha512": "5PlxweFFC9cjj36Ae1Rjr/UdsguJh209DxODdJ3tllC722uEW3cdfS61F1iIC7zBNXDqr2PfI6NDNYL7V279LQ==",
            "content_md5": "2b45a3421034c84bfbae1435a12c4b0d",
            "content_sha1": "eba8f1df91816c6e3c9bec7506fe550156e662a3",
            "content_sha256": "e16715412baf7dabd8f0fb2c64a8816092dcef71c70223de6e9e652eb1d940c2",
            "content_sha512": "e4f971c1e1450bd7238f7e807b5463aff51db20b89876d3d0f1383749ded9650bbdb6b845b771d7d2eb51758880bbcc13570eaaf63df23a3433582fb576efd2d",
            "directory_permission": "0777",
            "file_permission": "0777",
            "filename": "./applied.txt",
            "id": "eba8f1df91816c6e3c9bec7506fe550156e662a3",
            "sensitive_content": null,
            "source": null
          },
          "sensitive_attributes": []
        }
      ]
    }
  ],
  "check_results": null
}
